
Microsoft Visual Studio Solution File, Format Version 12.00
# Visual Studio Version 16
VisualStudioVersion = 16.0.30907.101
MinimumVisualStudioVersion = 10.0.40219.1
Project("{9A19103F-16F7-4668-BE54-9A1E7A4F7556}") = "DemoExtension", "DemoExtension\DemoExtension.csproj", "{322231BA-6C81-4F7A-BB19-B3FCC8218B5A}"
EndProject
Project("{9A19103F-16F7-4668-BE54-9A1E7A4F7556}") = "DemoKernel", "DemoKernel\DemoKernel.csproj", "{77F7C334-764B-4BF5-A45F-4629B740E86E}"
EndProject
Project("{9A19103F-16F7-4668-BE54-9A1E7A4F7556}") = "DemoNotebook", "DemoNotebook\DemoNotebook.csproj", "{AE7E05A1-0BD4-45F2-BDEE-426B2283652B}"
EndProject
Global
	GlobalSection(SolutionConfigurationPlatforms) = preSolution
		Debug|Any CPU = Debug|Any CPU
		Release|Any CPU = Release|Any CPU
	EndGlobalSection
	GlobalSection(ProjectConfigurationPlatforms) = postSolution
		{322231BA-6C81-4F7A-BB19-B3FCC8218B5A}.Debug|Any CPU.ActiveCfg = Debug|Any CPU
		{322231BA-6C81-4F7A-BB19-B3FCC8218B5A}.Debug|Any CPU.Build.0 = Debug|Any CPU
		{322231BA-6C81-4F7A-BB19-B3FCC8218B5A}.Release|Any CPU.ActiveCfg = Release|Any CPU
		{322231BA-6C81-4F7A-BB19-B3FCC8218B5A}.Release|Any CPU.Build.0 = Release|Any CPU
		{77F7C334-764B-4BF5-A45F-4629B740E86E}.Debug|Any CPU.ActiveCfg = Debug|Any CPU
		{77F7C334-764B-4BF5-A45F-4629B740E86E}.Debug|Any CPU.Build.0 = Debug|Any CPU
		{77F7C334-764B-4BF5-A45F-4629B740E86E}.Release|Any CPU.ActiveCfg = Release|Any CPU
		{77F7C334-764B-4BF5-A45F-4629B740E86E}.Release|Any CPU.Build.0 = Release|Any CPU
		{AE7E05A1-0BD4-45F2-BDEE-426B2283652B}.Debug|Any CPU.ActiveCfg = Debug|Any CPU
		{AE7E05A1-0BD4-45F2-BDEE-426B2283652B}.Debug|Any CPU.Build.0 = Debug|Any CPU
		{AE7E05A1-0BD4-45F2-BDEE-426B2283652B}.Release|Any CPU.ActiveCfg = Release|Any CPU
		{AE7E05A1-0BD4-45F2-BDEE-426B2283652B}.Release|Any CPU.Build.0 = Release|Any CPU
	EndGlobalSection
	GlobalSection(SolutionProperties) = preSolution
		HideSolutionNode = FALSE
	EndGlobalSection
	GlobalSection(ExtensibilityGlobals) = postSolution
		SolutionGuid = {0BC47D3E-8E86-4C75-98CD-15B6B2781698}
	EndGlobalSection
EndGlobal
