
Microsoft Visual Studio Solution File, Format Version 12.00
# Visual Studio Version 16
VisualStudioVersion = 16.0.30907.101
MinimumVisualStudioVersion = 10.0.40219.1
Project("{9A19103F-16F7-4668-BE54-9A1E7A4F7556}") = "DemoExtension", "DemoExtension\DemoExtension.csproj", "{322231BA-6C81-4F7A-BB19-B3FCC8218B5A}"
EndProject
Project("{9A19103F-16F7-4668-BE54-9A1E7A4F7556}") = "DemoConsoleNotebook", "DemoConsoleNotebook\DemoConsoleNotebook.csproj", "{157D733E-5EA4-40AF-8E68-3AC1CE9C6DB6}"
EndProject
Project("{9A19103F-16F7-4668-BE54-9A1E7A4F7556}") = "DemoWPFNotebook", "DemoWPFNotebook\DemoWPFNotebook.csproj", "{A8977424-5456-41C2-A67A-E2B475B734F9}"
EndProject
Global
	GlobalSection(SolutionConfigurationPlatforms) = preSolution
		Debug|Any CPU = Debug|Any CPU
		Release|Any CPU = Release|Any CPU
	EndGlobalSection
	GlobalSection(ProjectConfigurationPlatforms) = postSolution
		{322231BA-6C81-4F7A-BB19-B3FCC8218B5A}.Debug|Any CPU.ActiveCfg = Debug|Any CPU
		{322231BA-6C81-4F7A-BB19-B3FCC8218B5A}.Debug|Any CPU.Build.0 = Debug|Any CPU
		{322231BA-6C81-4F7A-BB19-B3FCC8218B5A}.Release|Any CPU.ActiveCfg = Release|Any CPU
		{322231BA-6C81-4F7A-BB19-B3FCC8218B5A}.Release|Any CPU.Build.0 = Release|Any CPU
		{157D733E-5EA4-40AF-8E68-3AC1CE9C6DB6}.Debug|Any CPU.ActiveCfg = Debug|Any CPU
		{157D733E-5EA4-40AF-8E68-3AC1CE9C6DB6}.Debug|Any CPU.Build.0 = Debug|Any CPU
		{157D733E-5EA4-40AF-8E68-3AC1CE9C6DB6}.Release|Any CPU.ActiveCfg = Release|Any CPU
		{157D733E-5EA4-40AF-8E68-3AC1CE9C6DB6}.Release|Any CPU.Build.0 = Release|Any CPU
		{A8977424-5456-41C2-A67A-E2B475B734F9}.Debug|Any CPU.ActiveCfg = Debug|Any CPU
		{A8977424-5456-41C2-A67A-E2B475B734F9}.Debug|Any CPU.Build.0 = Debug|Any CPU
		{A8977424-5456-41C2-A67A-E2B475B734F9}.Release|Any CPU.ActiveCfg = Release|Any CPU
		{A8977424-5456-41C2-A67A-E2B475B734F9}.Release|Any CPU.Build.0 = Release|Any CPU
	EndGlobalSection
	GlobalSection(SolutionProperties) = preSolution
		HideSolutionNode = FALSE
	EndGlobalSection
	GlobalSection(ExtensibilityGlobals) = postSolution
		SolutionGuid = {0BC47D3E-8E86-4C75-98CD-15B6B2781698}
	EndGlobalSection
EndGlobal
